
Microsoft Visual Studio Solution File, Format Version 12.00
# Visual Studio Version 16
VisualStudioVersion = 16.0.31129.286
MinimumVisualStudioVersion = 10.0.40219.1
Project("{9A19103F-16F7-4668-BE54-9A1E7A4F7556}") = "ToDoAPI", "ToDoAPI\ToDoAPI.csproj", "{CF014539-DF35-498C-B78F-D5C6F1E44994}"
EndProject
Project("{FAE04EC0-301F-11D3-BF4B-00C04F79EFBC}") = "ToDoAPITest", "ToDoAPITest\ToDoAPITest.csproj", "{14BD4D83-5B8C-4D2C-95DD-AE4E3DC2006E}"
EndProject
Global
	GlobalSection(SolutionConfigurationPlatforms) = preSolution
		Debug|Any CPU = Debug|Any CPU
		Release|Any CPU = Release|Any CPU
	EndGlobalSection
	GlobalSection(ProjectConfigurationPlatforms) = postSolution
		{CF014539-DF35-498C-B78F-D5C6F1E44994}.Debug|Any CPU.ActiveCfg = Debug|Any CPU
		{CF014539-DF35-498C-B78F-D5C6F1E44994}.Debug|Any CPU.Build.0 = Debug|Any CPU
		{CF014539-DF35-498C-B78F-D5C6F1E44994}.Release|Any CPU.ActiveCfg = Release|Any CPU
		{CF014539-DF35-498C-B78F-D5C6F1E44994}.Release|Any CPU.Build.0 = Release|Any CPU
		{14BD4D83-5B8C-4D2C-95DD-AE4E3DC2006E}.Debug|Any CPU.ActiveCfg = Debug|Any CPU
		{14BD4D83-5B8C-4D2C-95DD-AE4E3DC2006E}.Debug|Any CPU.Build.0 = Debug|Any CPU
		{14BD4D83-5B8C-4D2C-95DD-AE4E3DC2006E}.Release|Any CPU.ActiveCfg = Release|Any CPU
		{14BD4D83-5B8C-4D2C-95DD-AE4E3DC2006E}.Release|Any CPU.Build.0 = Release|Any CPU
	EndGlobalSection
	GlobalSection(SolutionProperties) = preSolution
		HideSolutionNode = FALSE
	EndGlobalSection
	GlobalSection(ExtensibilityGlobals) = postSolution
		SolutionGuid = {3A587160-29AA-47D3-A6D9-C7E955781998}
	EndGlobalSection
EndGlobal
